Microsoft Visual Studio Solution File, Format Version 8.00
Project("{8BC9CEB8-8B4A-11D0-8D11-00A0C91BC942}") = "EQEmuWxProject", "EQEmuWxProject.vcproj", "{5D3FC402-F6D9-49B7-8ABF-18F66E91AB6B}"
	ProjectSection(ProjectDependencies) = postProject
	EndProjectSection
EndProject
Global
	GlobalSection(SolutionConfiguration) = preSolution
		Debug = Debug
		Release = Release
	EndGlobalSection
	GlobalSection(ProjectConfiguration) = postSolution
		{5D3FC402-F6D9-49B7-8ABF-18F66E91AB6B}.Debug.ActiveCfg = Debug|Win32
		{5D3FC402-F6D9-49B7-8ABF-18F66E91AB6B}.Debug.Build.0 = Debug|Win32
		{5D3FC402-F6D9-49B7-8ABF-18F66E91AB6B}.Release.ActiveCfg = Release|Win32
		{5D3FC402-F6D9-49B7-8ABF-18F66E91AB6B}.Release.Build.0 = Release|Win32
	EndGlobalSection
	GlobalSection(ExtensibilityGlobals) = postSolution
	EndGlobalSection
	GlobalSection(ExtensibilityAddIns) = postSolution
	EndGlobalSection
EndGlobal
