
Microsoft Visual Studio Solution File, Format Version 12.00
# Visual Studio 15
VisualStudioVersion = 15.0.27428.2002
MinimumVisualStudioVersion = 10.0.40219.1
Project("{FAE04EC0-301F-11D3-BF4B-00C04F79EFBC}") = "helloworld", "helloworld.csproj", "{7F2CB9A7-0E8A-486D-8443-E09038DBF872}"
EndProject
Global
	GlobalSection(SolutionConfigurationPlatforms) = preSolution
		Debug|Any CPU = Debug|Any CPU
		Release|Any CPU = Release|Any CPU
	EndGlobalSection
	GlobalSection(ProjectConfigurationPlatforms) = postSolution
		{7F2CB9A7-0E8A-486D-8443-E09038DBF872}.Debug|Any CPU.ActiveCfg = Debug|Any CPU
		{7F2CB9A7-0E8A-486D-8443-E09038DBF872}.Debug|Any CPU.Build.0 = Debug|Any CPU
		{7F2CB9A7-0E8A-486D-8443-E09038DBF872}.Release|Any CPU.ActiveCfg = Release|Any CPU
		{7F2CB9A7-0E8A-486D-8443-E09038DBF872}.Release|Any CPU.Build.0 = Release|Any CPU
	EndGlobalSection
	GlobalSection(SolutionProperties) = preSolution
		HideSolutionNode = FALSE
	EndGlobalSection
	GlobalSection(ExtensibilityGlobals) = postSolution
		SolutionGuid = {3FE58E4E-B083-44A5-91B9-9E1F4E1EC6D4}
	EndGlobalSection
EndGlobal
