
Microsoft Visual Studio Solution File, Format Version 12.00
# Visual Studio Version 16
VisualStudioVersion = 16.6.30114.105
MinimumVisualStudioVersion = 10.0.40219.1
Project("{9A19103F-16F7-4668-BE54-9A1E7A4F7556}") = "stream_parser", "stream_parser\stream_parser.csproj", "{A5662497-4771-4A00-92E7-E7790CEB20E9}"
EndProject
Project("{FAE04EC0-301F-11D3-BF4B-00C04F79EFBC}") = "common", "common\common.csproj", "{FC625344-C003-4602-A571-D8811CF5B37A}"
EndProject
Global
	GlobalSection(SolutionConfigurationPlatforms) = preSolution
		Debug|Any CPU = Debug|Any CPU
		Debug|x64 = Debug|x64
		Debug|x86 = Debug|x86
		Release|Any CPU = Release|Any CPU
		Release|x64 = Release|x64
		Release|x86 = Release|x86
	EndGlobalSection
	GlobalSection(ProjectConfigurationPlatforms) = postSolution
		{A5662497-4771-4A00-92E7-E7790CEB20E9}.Debug|Any CPU.ActiveCfg = Debug|Any CPU
		{A5662497-4771-4A00-92E7-E7790CEB20E9}.Debug|Any CPU.Build.0 = Debug|Any CPU
		{A5662497-4771-4A00-92E7-E7790CEB20E9}.Debug|x64.ActiveCfg = Debug|Any CPU
		{A5662497-4771-4A00-92E7-E7790CEB20E9}.Debug|x64.Build.0 = Debug|Any CPU
		{A5662497-4771-4A00-92E7-E7790CEB20E9}.Debug|x86.ActiveCfg = Debug|Any CPU
		{A5662497-4771-4A00-92E7-E7790CEB20E9}.Debug|x86.Build.0 = Debug|Any CPU
		{A5662497-4771-4A00-92E7-E7790CEB20E9}.Release|Any CPU.ActiveCfg = Release|Any CPU
		{A5662497-4771-4A00-92E7-E7790CEB20E9}.Release|Any CPU.Build.0 = Release|Any CPU
		{A5662497-4771-4A00-92E7-E7790CEB20E9}.Release|x64.ActiveCfg = Release|Any CPU
		{A5662497-4771-4A00-92E7-E7790CEB20E9}.Release|x64.Build.0 = Release|Any CPU
		{A5662497-4771-4A00-92E7-E7790CEB20E9}.Release|x86.ActiveCfg = Release|Any CPU
		{A5662497-4771-4A00-92E7-E7790CEB20E9}.Release|x86.Build.0 = Release|Any CPU
		{FC625344-C003-4602-A571-D8811CF5B37A}.Debug|Any CPU.ActiveCfg = Debug|Any CPU
		{FC625344-C003-4602-A571-D8811CF5B37A}.Debug|Any CPU.Build.0 = Debug|Any CPU
		{FC625344-C003-4602-A571-D8811CF5B37A}.Debug|x64.ActiveCfg = Debug|Any CPU
		{FC625344-C003-4602-A571-D8811CF5B37A}.Debug|x64.Build.0 = Debug|Any CPU
		{FC625344-C003-4602-A571-D8811CF5B37A}.Debug|x86.ActiveCfg = Debug|Any CPU
		{FC625344-C003-4602-A571-D8811CF5B37A}.Debug|x86.Build.0 = Debug|Any CPU
		{FC625344-C003-4602-A571-D8811CF5B37A}.Release|Any CPU.ActiveCfg = Release|Any CPU
		{FC625344-C003-4602-A571-D8811CF5B37A}.Release|Any CPU.Build.0 = Release|Any CPU
		{FC625344-C003-4602-A571-D8811CF5B37A}.Release|x64.ActiveCfg = Release|Any CPU
		{FC625344-C003-4602-A571-D8811CF5B37A}.Release|x64.Build.0 = Release|Any CPU
		{FC625344-C003-4602-A571-D8811CF5B37A}.Release|x86.ActiveCfg = Release|Any CPU
		{FC625344-C003-4602-A571-D8811CF5B37A}.Release|x86.Build.0 = Release|Any CPU
	EndGlobalSection
	GlobalSection(SolutionProperties) = preSolution
		HideSolutionNode = FALSE
	EndGlobalSection
	GlobalSection(ExtensibilityGlobals) = postSolution
		SolutionGuid = {89CDF826-F878-4BF4-8583-B9E66FE8B61D}
	EndGlobalSection
EndGlobal
